// !$*UTF8*$!
{
	archiveVersion = 1;
	classes = {
	};
	objectVersion = 50;
	objects = {

/* Begin PBXBuildFile section */
		B337520820B79E4A002D4E44 /* AppDelegate.m in Sources */ = {isa = PBXBuildFile; fileRef = B337520720B79E4A002D4E44 /* AppDelegate.m */; };
		B337520B20B79E4A002D4E44 /* ViewController.m in Sources */ = {isa = PBXBuildFile; fileRef = B337520A20B79E4A002D4E44 /* ViewController.m */; };
		B337520E20B79E4A002D4E44 /* Main.storyboard in Resources */ = {isa = PBXBuildFile; fileRef = B337520C20B79E4A002D4E44 /* Main.storyboard */; };
		B337521020B79E4B002D4E44 /* Assets.xcassets in Resources */ = {isa = PBXBuildFile; fileRef = B337520F20B79E4B002D4E44 /* Assets.xcassets */; };
		B337521320B79E4B002D4E44 /* LaunchScreen.storyboard in Resources */ = {isa = PBXBuildFile; fileRef = B337521120B79E4B002D4E44 /* LaunchScreen.storyboard */; };
		B337521620B79E4B002D4E44 /* main.m in Sources */ = {isa = PBXBuildFile; fileRef = B337521520B79E4B002D4E44 /* main.m */; };
/* End PBXBuildFile section */

/* Begin PBXFileReference section */
		B337520320B79E4A002D4E44 /* TProgressHud.app */ = {isa = PBXFileReference; explicitFileType = wrapper.application; includeInIndex = 0; path = TProgressHud.app; sourceTree = BUILT_PRODUCTS_DIR; };
		B337520620B79E4A002D4E44 /* AppDelegate.h */ = {isa = PBXFileReference; lastKnownFileType = sourcecode.c.h; path = AppDelegate.h; sourceTree = "<group>"; };
		B337520720B79E4A002D4E44 /* AppDelegate.m */ = {isa = PBXFileReference; lastKnownFileType = sourcecode.c.objc; path = AppDelegate.m; sourceTree = "<group>"; };
		B337520920B79E4A002D4E44 /* ViewController.h */ = {isa = PBXFileReference; lastKnownFileType = sourcecode.c.h; path = ViewController.h; sourceTree = "<group>"; };
		B337520A20B79E4A002D4E44 /* ViewController.m */ = {isa = PBXFileReference; lastKnownFileType = sourcecode.c.objc; path = ViewController.m; sourceTree = "<group>"; };
		B337520D20B79E4A002D4E44 /* Base */ = {isa = PBXFileReference; lastKnownFileType = file.storyboard; name = Base; path = Base.lproj/Main.storyboard; sourceTree = "<group>"; };
		B337520F20B79E4B002D4E44 /* Assets.xcassets */ = {isa = PBXFileReference; lastKnownFileType = folder.assetcatalog; path = Assets.xcassets; sourceTree = "<group>"; };
		B337521220B79E4B002D4E44 /* Base */ = {isa = PBXFileReference; lastKnownFileType = file.storyboard; name = Base; path = Base.lproj/LaunchScreen.storyboard; sourceTree = "<group>"; };
		B337521420B79E4B002D4E44 /* Info.plist */ = {isa = PBXFileReference; lastKnownFileType = text.plist.xml; path = Info.plist; sourceTree = "<group>"; };
		B337521520B79E4B002D4E44 /* main.m */ = {isa = PBXFileReference; lastKnownFileType = sourcecode.c.objc; path = main.m; sourceTree = "<group>"; };
/* End PBXFileReference section */

/* Begin PBXFrameworksBuildPhase section */
		B337520020B79E4A002D4E44 /* Frameworks */ = {
			isa = PBXFrameworksBuildPhase;
			buildActionMask = 2147483647;
			files = (
			);
			runOnlyForDeploymentPostprocessing = 0;
		};
/* End PBXFrameworksBuildPhase section */

/* Begin PBXGroup section */
		B33751FA20B79E4A002D4E44 = {
			isa = PBXGroup;
			children = (
				B337520520B79E4A002D4E44 /* TProgressHud */,
				B337520420B79E4A002D4E44 /* Products */,
			);
			sourceTree = "<group>";
		};
		B337520420B79E4A002D4E44 /* Products */ = {
			isa = PBXGroup;
			children = (
				B337520320B79E4A002D4E44 /* TProgressHud.app */,
			);
			name = Products;
			sourceTree = "<group>";
		};
		B337520520B79E4A002D4E44 /* TProgressHud */ = {
			isa = PBXGroup;
			children = (
				B337520620B79E4A002D4E44 /* AppDelegate.h */,
				B337520720B79E4A002D4E44 /* AppDelegate.m */,
				B337520920B79E4A002D4E44 /* ViewController.h */,
				B337520A20B79E4A002D4E44 /* ViewController.m */,
				B337520C20B79E4A002D4E44 /* Main.storyboard */,
				B337520F20B79E4B002D4E44 /* Assets.xcassets */,
				B337521120B79E4B002D4E44 /* LaunchScreen.storyboard */,
				B337521420B79E4B002D4E44 /* Info.plist */,
				B337521520B79E4B002D4E44 /* main.m */,
			);
			path = TProgressHud;
			sourceTree = "<group>";
		};
/* End PBXGroup section */

/* Begin PBXNativeTarget section */
		B337520220B79E4A002D4E44 /* TProgressHud */ = {
			isa = PBXNativeTarget;
			buildConfigurationList = B337521920B79E4B002D4E44 /* Build configuration list for PBXNativeTarget "TProgressHud" */;
			buildPhases = (
				B33751FF20B79E4A002D4E44 /* Sources */,
				B337520020B79E4A002D4E44 /* Frameworks */,
				B337520120B79E4A002D4E44 /* Resources */,
			);
			buildRules = (
			);
			dependencies = (
			);
			name = TProgressHud;
			productName = TProgressHud;
			productReference = B337520320B79E4A002D4E44 /* TProgressHud.app */;
			productType = "com.apple.product-type.application";
		};
/* End PBXNativeTarget section */

/* Begin PBXProject section */
		B33751FB20B79E4A002D4E44 /* Project object */ = {
			isa = PBXProject;
			attributes = {
				LastUpgradeCheck = 0930;
				ORGANIZATIONNAME = Fmyz;
				TargetAttributes = {
					B337520220B79E4A002D4E44 = {
						CreatedOnToolsVersion = 9.3;
					};
				};
			};
			buildConfigurationList = B33751FE20B79E4A002D4E44 /* Build configuration list for PBXProject "TProgressHud" */;
			compatibilityVersion = "Xcode 9.3";
			developmentRegion = en;
			hasScannedForEncodings = 0;
			knownRegions = (
				en,
				Base,
			);
			mainGroup = B33751FA20B79E4A002D4E44;
			productRefGroup = B337520420B79E4A002D4E44 /* Products */;
			projectDirPath = "";
			projectRoot = "";
			targets = (
				B337520220B79E4A002D4E44 /* TProgressHud */,
			);
		};
/* End PBXProject section */

/* Begin PBXResourcesBuildPhase section */
		B337520120B79E4A002D4E44 /* Resources */ = {
			isa = PBXResourcesBuildPhase;
			buildActionMask = 2147483647;
			files = (
				B337521320B79E4B002D4E44 /* LaunchScreen.storyboard in Resources */,
				B337521020B79E4B002D4E44 /* Assets.xcassets in Resources */,
				B337520E20B79E4A002D4E44 /* Main.storyboard in Resources */,
			);
			runOnlyForDeploymentPostprocessing = 0;
		};
/* End PBXResourcesBuildPhase section */

/* Begin PBXSourcesBuildPhase section */
		B33751FF20B79E4A002D4E44 /* Sources */ = {
			isa = PBXSourcesBuildPhase;
			buildActionMask = 2147483647;
			files = (
				B337520B20B79E4A002D4E44 /* ViewController.m in Sources */,
				B337521620B79E4B002D4E44 /* main.m in Sources */,
				B337520820B79E4A002D4E44 /* AppDelegate.m in Sources */,
			);
			runOnlyForDeploymentPostprocessing = 0;
		};
/* End PBXSourcesBuildPhase section */

/* Begin PBXVariantGroup section */
		B337520C20B79E4A002D4E44 /* Main.storyboard */ = {
			isa = PBXVariantGroup;
			children = (
				B337520D20B79E4A002D4E44 /* Base */,
			);
			name = Main.storyboard;
			sourceTree = "<group>";
		};
		B337521120B79E4B002D4E44 /* LaunchScreen.storyboard */ = {
			isa = PBXVariantGroup;
			children = (
				B337521220B79E4B002D4E44 /* Base */,
			);
			name = LaunchScreen.storyboard;
			sourceTree = "<group>";
		};
/* End PBXVariantGroup section */

/* Begin XCBuildConfiguration section */
		B337521720B79E4B002D4E44 /* Debug */ = {
			isa = XCBuildConfiguration;
			buildSettings = {
				ALWAYS_SEARCH_USER_PATHS = NO;
				CLANG_ANALYZER_NONNULL = YES;
				CLANG_ANALYZER_NUMBER_OBJECT_CONVERSION = YES_AGGRESSIVE;
				CLANG_CXX_LANGUAGE_STANDARD = "gnu++14";
				CLANG_CXX_LIBRARY = "libc++";
				CLANG_ENABLE_MODULES = YES;
				CLANG_ENABLE_OBJC_ARC = YES;
				CLANG_ENABLE_OBJC_WEAK = YES;
				CLANG_WARN_BLOCK_CAPTURE_AUTORELEASING = YES;
				CLANG_WARN_BOOL_CONVERSION = YES;
				CLANG_WARN_COMMA = YES;
				CLANG_WARN_CONSTANT_CONVERSION = YES;
				CLANG_WARN_DEPRECATED_OBJC_IMPLEMENTATIONS = YES;
				CLANG_WARN_DIRECT_OBJC_ISA_USAGE = YES_ERROR;
				CLANG_WARN_DOCUMENTATION_COMMENTS = YES;
				CLANG_WARN_EMPTY_BODY = YES;
				CLANG_WARN_ENUM_CONVERSION = YES;
				CLANG_WARN_INFINITE_RECURSION = YES;
				CLANG_WARN_INT_CONVERSION = YES;
				CLANG_WARN_NON_LITERAL_NULL_CONVERSION = YES;
				CLANG_WARN_OBJC_IMPLICIT_RETAIN_SELF = YES;
				CLANG_WARN_OBJC_LITERAL_CONVERSION = YES;
				CLANG_WARN_OBJC_ROOT_CLASS = YES_ERROR;
				CLANG_WARN_RANGE_LOOP_ANALYSIS = YES;
				CLANG_WARN_STRICT_PROTOTYPES = YES;
				CLANG_WARN_SUSPICIOUS_MOVE = YES;
				CLANG_WARN_UNGUARDED_AVAILABILITY = YES_AGGRESSIVE;
				CLANG_WARN_UNREACHABLE_CODE = YES;
				CLANG_WARN__DUPLICATE_METHOD_MATCH = YES;
				CODE_SIGN_IDENTITY = "iPhone Developer";
				COPY_PHASE_STRIP = NO;
				DEBUG_INFORMATION_FORMAT = dwarf;
				ENABLE_STRICT_OBJC_MSGSEND = YES;
				ENABLE_TESTABILITY = YES;
				GCC_C_LANGUAGE_STANDARD = gnu11;
				GCC_DYNAMIC_NO_PIC = NO;
				GCC_NO_COMMON_BLOCKS = YES;
				GCC_OPTIMIZATION_LEVEL = 0;
				GCC_PREPROCESSOR_DEFINITIONS = (
					"DEBUG=1",
					"$(inherited)",
				);
				GCC_WARN_64_TO_32_BIT_CONVERSION = YES;
				GCC_WARN_ABOUT_RETURN_TYPE = YES_ERROR;
				GCC_WARN_UNDECLARED_SELECTOR = YES;
				GCC_WARN_UNINITIALIZED_AUTOS = YES_AGGRESSIVE;
				GCC_WARN_UNUSED_FUNCTION = YES;
				GCC_WARN_UNUSED_VARIABLE = YES;
				IPHONEOS_DEPLOYMENT_TARGET = 11.3;
				MTL_ENABLE_DEBUG_INFO = YES;
				ONLY_ACTIVE_ARCH = YES;
				SDKROOT = iphoneos;
			};
			name = Debug;
		};
		B337521820B79E4B002D4E44 /* Release */ = {
			isa = XCBuildConfiguration;
			buildSettings = {
				ALWAYS_SEARCH_USER_PATHS = NO;
				CLANG_ANALYZER_NONNULL = YES;
				CLANG_ANALYZER_NUMBER_OBJECT_CONVERSION = YES_AGGRESSIVE;
				CLANG_CXX_LANGUAGE_STANDARD = "gnu++14";
				CLANG_CXX_LIBRARY = "libc++";
				CLANG_ENABLE_MODULES = YES;
				CLANG_ENABLE_OBJC_ARC = YES;
				CLANG_ENABLE_OBJC_WEAK = YES;
				CLANG_WARN_BLOCK_CAPTURE_AUTORELEASING = YES;
				CLANG_WARN_BOOL_CONVERSION = YES;
				CLANG_WARN_COMMA = YES;
				CLANG_WARN_CONSTANT_CONVERSION = YES;
				CLANG_WARN_DEPRECATED_OBJC_IMPLEMENTATIONS = YES;
				CLANG_WARN_DIRECT_OBJC_ISA_USAGE = YES_ERROR;
				CLANG_WARN_DOCUMENTATION_COMMENTS = YES;
				CLANG_WARN_EMPTY_BODY = YES;
				CLANG_WARN_ENUM_CONVERSION = YES;
				CLANG_WARN_INFINITE_RECURSION = YES;
				CLANG_WARN_INT_CONVERSION = YES;
				CLANG_WARN_NON_LITERAL_NULL_CONVERSION = YES;
				CLANG_WARN_OBJC_IMPLICIT_RETAIN_SELF = YES;
				CLANG_WARN_OBJC_LITERAL_CONVERSION = YES;
				CLANG_WARN_OBJC_ROOT_CLASS = YES_ERROR;
				CLANG_WARN_RANGE_LOOP_ANALYSIS = YES;
				CLANG_WARN_STRICT_PROTOTYPES = YES;
				CLANG_WARN_SUSPICIOUS_MOVE = YES;
				CLANG_WARN_UNGUARDED_AVAILABILITY = YES_AGGRESSIVE;
				CLANG_WARN_UNREACHABLE_CODE = YES;
				CLANG_WARN__DUPLICATE_METHOD_MATCH = YES;
				CODE_SIGN_IDENTITY = "iPhone Developer";
				COPY_PHASE_STRIP = NO;
				DEBUG_INFORMATION_FORMAT = "dwarf-with-dsym";
				ENABLE_NS_ASSERTIONS = NO;
				ENABLE_STRICT_OBJC_MSGSEND = YES;
				GCC_C_LANGUAGE_STANDARD = gnu11;
				GCC_NO_COMMON_BLOCKS = YES;
				GCC_WARN_64_TO_32_BIT_CONVERSION = YES;
				GCC_WARN_ABOUT_RETURN_TYPE = YES_ERROR;
				GCC_WARN_UNDECLARED_SELECTOR = YES;
				GCC_WARN_UNINITIALIZED_AUTOS = YES_AGGRESSIVE;
				GCC_WARN_UNUSED_FUNCTION = YES;
				GCC_WARN_UNUSED_VARIABLE = YES;
				IPHONEOS_DEPLOYMENT_TARGET = 11.3;
				MTL_ENABLE_DEBUG_INFO = NO;
				SDKROOT = iphoneos;
				VALIDATE_PRODUCT = YES;
			};
			name = Release;
		};
		B337521A20B79E4B002D4E44 /* Debug */ = {
			isa = XCBuildConfiguration;
			buildSettings = {
				ASSETCATALOG_COMPILER_APPICON_NAME = AppIcon;
				CODE_SIGN_STYLE = Automatic;
				INFOPLIST_FILE = TProgressHud/Info.plist;
				LD_RUNPATH_SEARCH_PATHS = (
					"$(inherited)",
					"@executable_path/Frameworks",
				);
				PRODUCT_BUNDLE_IDENTIFIER = FmyzL.TProgressHud;
				PRODUCT_NAME = "$(TARGET_NAME)";
				TARGETED_DEVICE_FAMILY = "1,2";
			};
			name = Debug;
		};
		B337521B20B79E4B002D4E44 /* Release */ = {
			isa = XCBuildConfiguration;
			buildSettings = {
				ASSETCATALOG_COMPILER_APPICON_NAME = AppIcon;
				CODE_SIGN_STYLE = Automatic;
				INFOPLIST_FILE = TProgressHud/Info.plist;
				LD_RUNPATH_SEARCH_PATHS = (
					"$(inherited)",
					"@executable_path/Frameworks",
				);
				PRODUCT_BUNDLE_IDENTIFIER = FmyzL.TProgressHud;
				PRODUCT_NAME = "$(TARGET_NAME)";
				TARGETED_DEVICE_FAMILY = "1,2";
			};
			name = Release;
		};
/* End XCBuildConfiguration section */

/* Begin XCConfigurationList section */
		B33751FE20B79E4A002D4E44 /* Build configuration list for PBXProject "TProgressHud" */ = {
			isa = XCConfigurationList;
			buildConfigurations = (
				B337521720B79E4B002D4E44 /* Debug */,
				B337521820B79E4B002D4E44 /* Release */,
			);
			defaultConfigurationIsVisible = 0;
			defaultConfigurationName = Release;
		};
		B337521920B79E4B002D4E44 /* Build configuration list for PBXNativeTarget "TProgressHud" */ = {
			isa = XCConfigurationList;
			buildConfigurations = (
				B337521A20B79E4B002D4E44 /* Debug */,
				B337521B20B79E4B002D4E44 /* Release */,
			);
			defaultConfigurationIsVisible = 0;
			defaultConfigurationName = Release;
		};
/* End XCConfigurationList section */
	};
	rootObject = B33751FB20B79E4A002D4E44 /* Project object */;
}
